// !$*UTF8*$!
{
	archiveVersion = 1;
	classes = {
	};
	objectVersion = 46;
	objects = {

/* Begin PBXBuildFile section */
		4D539DD81C4785A100D95B35 /* main.m in Sources */ = {isa = PBXBuildFile; fileRef = 4D539DD71C4785A100D95B35 /* main.m */; };
		4D539DDB1C4785A100D95B35 /* AppDelegate.m in Sources */ = {isa = PBXBuildFile; fileRef = 4D539DDA1C4785A100D95B35 /* AppDelegate.m */; };
		4D539DDE1C4785A100D95B35 /* ViewController.m in Sources */ = {isa = PBXBuildFile; fileRef = 4D539DDD1C4785A100D95B35 /* ViewController.m */; };
		4D539DE11C4785A100D95B35 /* Main.storyboard in Resources */ = {isa = PBXBuildFile; fileRef = 4D539DDF1C4785A100D95B35 /* Main.storyboard */; };
		4D539DE31C4785A100D95B35 /* Assets.xcassets in Resources */ = {isa = PBXBuildFile; fileRef = 4D539DE21C4785A100D95B35 /* Assets.xcassets */; };
		4D539DE61C4785A100D95B35 /* LaunchScreen.storyboard in Resources */ = {isa = PBXBuildFile; fileRef = 4D539DE41C4785A100D95B35 /* LaunchScreen.storyboard */; };
		4D539DF41C4785DE00D95B35 /* SHBBrowserController.m in Sources */ = {isa = PBXBuildFile; fileRef = 4D539DEF1C4785DE00D95B35 /* SHBBrowserController.m */; };
		4D539DF51C4785DE00D95B35 /* SHBPhotoVC.m in Sources */ = {isa = PBXBuildFile; fileRef = 4D539DF11C4785DE00D95B35 /* SHBPhotoVC.m */; };
		4D539DF61C4785DE00D95B35 /* UIView+Helps.m in Sources */ = {isa = PBXBuildFile; fileRef = 4D539DF31C4785DE00D95B35 /* UIView+Helps.m */; };
/* End PBXBuildFile section */

/* Begin PBXFileReference section */
		4D539DD31C4785A100D95B35 /* SHBImagePicker.app */ = {isa = PBXFileReference; explicitFileType = wrapper.application; includeInIndex = 0; path = SHBImagePicker.app; sourceTree = BUILT_PRODUCTS_DIR; };
		4D539DD71C4785A100D95B35 /* main.m */ = {isa = PBXFileReference; lastKnownFileType = sourcecode.c.objc; path = main.m; sourceTree = "<group>"; };
		4D539DD91C4785A100D95B35 /* AppDelegate.h */ = {isa = PBXFileReference; lastKnownFileType = sourcecode.c.h; path = AppDelegate.h; sourceTree = "<group>"; };
		4D539DDA1C4785A100D95B35 /* AppDelegate.m */ = {isa = PBXFileReference; lastKnownFileType = sourcecode.c.objc; path = AppDelegate.m; sourceTree = "<group>"; };
		4D539DDC1C4785A100D95B35 /* ViewController.h */ = {isa = PBXFileReference; lastKnownFileType = sourcecode.c.h; path = ViewController.h; sourceTree = "<group>"; };
		4D539DDD1C4785A100D95B35 /* ViewController.m */ = {isa = PBXFileReference; lastKnownFileType = sourcecode.c.objc; path = ViewController.m; sourceTree = "<group>"; };
		4D539DE01C4785A100D95B35 /* Base */ = {isa = PBXFileReference; lastKnownFileType = file.storyboard; name = Base; path = Base.lproj/Main.storyboard; sourceTree = "<group>"; };
		4D539DE21C4785A100D95B35 /* Assets.xcassets */ = {isa = PBXFileReference; lastKnownFileType = folder.assetcatalog; path = Assets.xcassets; sourceTree = "<group>"; };
		4D539DE51C4785A100D95B35 /* Base */ = {isa = PBXFileReference; lastKnownFileType = file.storyboard; name = Base; path = Base.lproj/LaunchScreen.storyboard; sourceTree = "<group>"; };
		4D539DE71C4785A100D95B35 /* Info.plist */ = {isa = PBXFileReference; lastKnownFileType = text.plist.xml; path = Info.plist; sourceTree = "<group>"; };
		4D539DEE1C4785DE00D95B35 /* SHBBrowserController.h */ = {isa = PBXFileReference; fileEncoding = 4; lastKnownFileType = sourcecode.c.h; path = SHBBrowserController.h; sourceTree = "<group>"; };
		4D539DEF1C4785DE00D95B35 /* SHBBrowserController.m */ = {isa = PBXFileReference; fileEncoding = 4; lastKnownFileType = sourcecode.c.objc; path = SHBBrowserController.m; sourceTree = "<group>"; };
		4D539DF01C4785DE00D95B35 /* SHBPhotoVC.h */ = {isa = PBXFileReference; fileEncoding = 4; lastKnownFileType = sourcecode.c.h; path = SHBPhotoVC.h; sourceTree = "<group>"; };
		4D539DF11C4785DE00D95B35 /* SHBPhotoVC.m */ = {isa = PBXFileReference; fileEncoding = 4; lastKnownFileType = sourcecode.c.objc; path = SHBPhotoVC.m; sourceTree = "<group>"; };
		4D539DF21C4785DE00D95B35 /* UIView+Helps.h */ = {isa = PBXFileReference; fileEncoding = 4; lastKnownFileType = sourcecode.c.h; path = "UIView+Helps.h"; sourceTree = "<group>"; };
		4D539DF31C4785DE00D95B35 /* UIView+Helps.m */ = {isa = PBXFileReference; fileEncoding = 4; lastKnownFileType = sourcecode.c.objc; path = "UIView+Helps.m"; sourceTree = "<group>"; };
/* End PBXFileReference section */

/* Begin PBXFrameworksBuildPhase section */
		4D539DD01C4785A100D95B35 /* Frameworks */ = {
			isa = PBXFrameworksBuildPhase;
			buildActionMask = 2147483647;
			files = (
			);
			runOnlyForDeploymentPostprocessing = 0;
		};
/* End PBXFrameworksBuildPhase section */

/* Begin PBXGroup section */
		4D539DCA1C4785A100D95B35 = {
			isa = PBXGroup;
			children = (
				4D539DD51C4785A100D95B35 /* SHBImagePicker */,
				4D539DD41C4785A100D95B35 /* Products */,
			);
			sourceTree = "<group>";
		};
		4D539DD41C4785A100D95B35 /* Products */ = {
			isa = PBXGroup;
			children = (
				4D539DD31C4785A100D95B35 /* SHBImagePicker.app */,
			);
			name = Products;
			sourceTree = "<group>";
		};
		4D539DD51C4785A100D95B35 /* SHBImagePicker */ = {
			isa = PBXGroup;
			children = (
				4D539DED1C4785DE00D95B35 /* SHBPicker */,
				4D539DD91C4785A100D95B35 /* AppDelegate.h */,
				4D539DDA1C4785A100D95B35 /* AppDelegate.m */,
				4D539DDC1C4785A100D95B35 /* ViewController.h */,
				4D539DDD1C4785A100D95B35 /* ViewController.m */,
				4D539DDF1C4785A100D95B35 /* Main.storyboard */,
				4D539DE21C4785A100D95B35 /* Assets.xcassets */,
				4D539DE41C4785A100D95B35 /* LaunchScreen.storyboard */,
				4D539DE71C4785A100D95B35 /* Info.plist */,
				4D539DD61C4785A100D95B35 /* Supporting Files */,
			);
			path = SHBImagePicker;
			sourceTree = "<group>";
		};
		4D539DD61C4785A100D95B35 /* Supporting Files */ = {
			isa = PBXGroup;
			children = (
				4D539DD71C4785A100D95B35 /* main.m */,
			);
			name = "Supporting Files";
			sourceTree = "<group>";
		};
		4D539DED1C4785DE00D95B35 /* SHBPicker */ = {
			isa = PBXGroup;
			children = (
				4D539DEE1C4785DE00D95B35 /* SHBBrowserController.h */,
				4D539DEF1C4785DE00D95B35 /* SHBBrowserController.m */,
				4D539DF01C4785DE00D95B35 /* SHBPhotoVC.h */,
				4D539DF11C4785DE00D95B35 /* SHBPhotoVC.m */,
				4D539DF21C4785DE00D95B35 /* UIView+Helps.h */,
				4D539DF31C4785DE00D95B35 /* UIView+Helps.m */,
			);
			path = SHBPicker;
			sourceTree = "<group>";
		};
/* End PBXGroup section */

/* Begin PBXNativeTarget section */
		4D539DD21C4785A100D95B35 /* SHBImagePicker */ = {
			isa = PBXNativeTarget;
			buildConfigurationList = 4D539DEA1C4785A100D95B35 /* Build configuration list for PBXNativeTarget "SHBImagePicker" */;
			buildPhases = (
				4D539DCF1C4785A100D95B35 /* Sources */,
				4D539DD01C4785A100D95B35 /* Frameworks */,
				4D539DD11C4785A100D95B35 /* Resources */,
			);
			buildRules = (
			);
			dependencies = (
			);
			name = SHBImagePicker;
			productName = SHBImagePicker;
			productReference = 4D539DD31C4785A100D95B35 /* SHBImagePicker.app */;
			productType = "com.apple.product-type.application";
		};
/* End PBXNativeTarget section */

/* Begin PBXProject section */
		4D539DCB1C4785A100D95B35 /* Project object */ = {
			isa = PBXProject;
			attributes = {
				LastUpgradeCheck = 0720;
				ORGANIZATIONNAME = "沈红榜";
				TargetAttributes = {
					4D539DD21C4785A100D95B35 = {
						CreatedOnToolsVersion = 7.2;
					};
				};
			};
			buildConfigurationList = 4D539DCE1C4785A100D95B35 /* Build configuration list for PBXProject "SHBImagePicker" */;
			compatibilityVersion = "Xcode 3.2";
			developmentRegion = English;
			hasScannedForEncodings = 0;
			knownRegions = (
				en,
				Base,
			);
			mainGroup = 4D539DCA1C4785A100D95B35;
			productRefGroup = 4D539DD41C4785A100D95B35 /* Products */;
			projectDirPath = "";
			projectRoot = "";
			targets = (
				4D539DD21C4785A100D95B35 /* SHBImagePicker */,
			);
		};
/* End PBXProject section */

/* Begin PBXResourcesBuildPhase section */
		4D539DD11C4785A100D95B35 /* Resources */ = {
			isa = PBXResourcesBuildPhase;
			buildActionMask = 2147483647;
			files = (
				4D539DE61C4785A100D95B35 /* LaunchScreen.storyboard in Resources */,
				4D539DE31C4785A100D95B35 /* Assets.xcassets in Resources */,
				4D539DE11C4785A100D95B35 /* Main.storyboard in Resources */,
			);
			runOnlyForDeploymentPostprocessing = 0;
		};
/* End PBXResourcesBuildPhase section */

/* Begin PBXSourcesBuildPhase section */
		4D539DCF1C4785A100D95B35 /* Sources */ = {
			isa = PBXSourcesBuildPhase;
			buildActionMask = 2147483647;
			files = (
				4D539DDE1C4785A100D95B35 /* ViewController.m in Sources */,
				4D539DDB1C4785A100D95B35 /* AppDelegate.m in Sources */,
				4D539DF41C4785DE00D95B35 /* SHBBrowserController.m in Sources */,
				4D539DF51C4785DE00D95B35 /* SHBPhotoVC.m in Sources */,
				4D539DF61C4785DE00D95B35 /* UIView+Helps.m in Sources */,
				4D539DD81C4785A100D95B35 /* main.m in Sources */,
			);
			runOnlyForDeploymentPostprocessing = 0;
		};
/* End PBXSourcesBuildPhase section */

/* Begin PBXVariantGroup section */
		4D539DDF1C4785A100D95B35 /* Main.storyboard */ = {
			isa = PBXVariantGroup;
			children = (
				4D539DE01C4785A100D95B35 /* Base */,
			);
			name = Main.storyboard;
			sourceTree = "<group>";
		};
		4D539DE41C4785A100D95B35 /* LaunchScreen.storyboard */ = {
			isa = PBXVariantGroup;
			children = (
				4D539DE51C4785A100D95B35 /* Base */,
			);
			name = LaunchScreen.storyboard;
			sourceTree = "<group>";
		};
/* End PBXVariantGroup section */

/* Begin XCBuildConfiguration section */
		4D539DE81C4785A100D95B35 /* Debug */ = {
			isa = XCBuildConfiguration;
			buildSettings = {
				ALWAYS_SEARCH_USER_PATHS = NO;
				CLANG_CXX_LANGUAGE_STANDARD = "gnu++0x";
				CLANG_CXX_LIBRARY = "libc++";
				CLANG_ENABLE_MODULES = YES;
				CLANG_ENABLE_OBJC_ARC = YES;
				CLANG_WARN_BOOL_CONVERSION = YES;
				CLANG_WARN_CONSTANT_CONVERSION = YES;
				CLANG_WARN_DIRECT_OBJC_ISA_USAGE = YES_ERROR;
				CLANG_WARN_EMPTY_BODY = YES;
				CLANG_WARN_ENUM_CONVERSION = YES;
				CLANG_WARN_INT_CONVERSION = YES;
				CLANG_WARN_OBJC_ROOT_CLASS = YES_ERROR;
				CLANG_WARN_UNREACHABLE_CODE = YES;
				CLANG_WARN__DUPLICATE_METHOD_MATCH = YES;
				"CODE_SIGN_IDENTITY[sdk=iphoneos*]" = "iPhone Developer";
				COPY_PHASE_STRIP = NO;
				DEBUG_INFORMATION_FORMAT = dwarf;
				ENABLE_STRICT_OBJC_MSGSEND = YES;
				ENABLE_TESTABILITY = YES;
				GCC_C_LANGUAGE_STANDARD = gnu99;
				GCC_DYNAMIC_NO_PIC = NO;
				GCC_NO_COMMON_BLOCKS = YES;
				GCC_OPTIMIZATION_LEVEL = 0;
				GCC_PREPROCESSOR_DEFINITIONS = (
					"DEBUG=1",
					"$(inherited)",
				);
				GCC_WARN_64_TO_32_BIT_CONVERSION = YES;
				GCC_WARN_ABOUT_RETURN_TYPE = YES_ERROR;
				GCC_WARN_UNDECLARED_SELECTOR = YES;
				GCC_WARN_UNINITIALIZED_AUTOS = YES_AGGRESSIVE;
				GCC_WARN_UNUSED_FUNCTION = YES;
				GCC_WARN_UNUSED_VARIABLE = YES;
				IPHONEOS_DEPLOYMENT_TARGET = 9.2;
				MTL_ENABLE_DEBUG_INFO = YES;
				ONLY_ACTIVE_ARCH = YES;
				SDKROOT = iphoneos;
			};
			name = Debug;
		};
		4D539DE91C4785A100D95B35 /* Release */ = {
			isa = XCBuildConfiguration;
			buildSettings = {
				ALWAYS_SEARCH_USER_PATHS = NO;
				CLANG_CXX_LANGUAGE_STANDARD = "gnu++0x";
				CLANG_CXX_LIBRARY = "libc++";
				CLANG_ENABLE_MODULES = YES;
				CLANG_ENABLE_OBJC_ARC = YES;
				CLANG_WARN_BOOL_CONVERSION = YES;
				CLANG_WARN_CONSTANT_CONVERSION = YES;
				CLANG_WARN_DIRECT_OBJC_ISA_USAGE = YES_ERROR;
				CLANG_WARN_EMPTY_BODY = YES;
				CLANG_WARN_ENUM_CONVERSION = YES;
				CLANG_WARN_INT_CONVERSION = YES;
				CLANG_WARN_OBJC_ROOT_CLASS = YES_ERROR;
				CLANG_WARN_UNREACHABLE_CODE = YES;
				CLANG_WARN__DUPLICATE_METHOD_MATCH = YES;
				"CODE_SIGN_IDENTITY[sdk=iphoneos*]" = "iPhone Developer";
				COPY_PHASE_STRIP = NO;
				DEBUG_INFORMATION_FORMAT = "dwarf-with-dsym";
				ENABLE_NS_ASSERTIONS = NO;
				ENABLE_STRICT_OBJC_MSGSEND = YES;
				GCC_C_LANGUAGE_STANDARD = gnu99;
				GCC_NO_COMMON_BLOCKS = YES;
				GCC_WARN_64_TO_32_BIT_CONVERSION = YES;
				GCC_WARN_ABOUT_RETURN_TYPE = YES_ERROR;
				GCC_WARN_UNDECLARED_SELECTOR = YES;
				GCC_WARN_UNINITIALIZED_AUTOS = YES_AGGRESSIVE;
				GCC_WARN_UNUSED_FUNCTION = YES;
				GCC_WARN_UNUSED_VARIABLE = YES;
				IPHONEOS_DEPLOYMENT_TARGET = 9.2;
				MTL_ENABLE_DEBUG_INFO = NO;
				SDKROOT = iphoneos;
				VALIDATE_PRODUCT = YES;
			};
			name = Release;
		};
		4D539DEB1C4785A100D95B35 /* Debug */ = {
			isa = XCBuildConfiguration;
			buildSettings = {
				ASSETCATALOG_COMPILER_APPICON_NAME = AppIcon;
				INFOPLIST_FILE = SHBImagePicker/Info.plist;
				IPHONEOS_DEPLOYMENT_TARGET = 8.1;
				LD_RUNPATH_SEARCH_PATHS = "$(inherited) @executable_path/Frameworks";
				PRODUCT_BUNDLE_IDENTIFIER = com.cribn.www.SHBImagePicker;
				PRODUCT_NAME = "$(TARGET_NAME)";
			};
			name = Debug;
		};
		4D539DEC1C4785A100D95B35 /* Release */ = {
			isa = XCBuildConfiguration;
			buildSettings = {
				ASSETCATALOG_COMPILER_APPICON_NAME = AppIcon;
				INFOPLIST_FILE = SHBImagePicker/Info.plist;
				IPHONEOS_DEPLOYMENT_TARGET = 8.1;
				LD_RUNPATH_SEARCH_PATHS = "$(inherited) @executable_path/Frameworks";
				PRODUCT_BUNDLE_IDENTIFIER = com.cribn.www.SHBImagePicker;
				PRODUCT_NAME = "$(TARGET_NAME)";
			};
			name = Release;
		};
/* End XCBuildConfiguration section */

/* Begin XCConfigurationList section */
		4D539DCE1C4785A100D95B35 /* Build configuration list for PBXProject "SHBImagePicker" */ = {
			isa = XCConfigurationList;
			buildConfigurations = (
				4D539DE81C4785A100D95B35 /* Debug */,
				4D539DE91C4785A100D95B35 /* Release */,
			);
			defaultConfigurationIsVisible = 0;
			defaultConfigurationName = Release;
		};
		4D539DEA1C4785A100D95B35 /* Build configuration list for PBXNativeTarget "SHBImagePicker" */ = {
			isa = XCConfigurationList;
			buildConfigurations = (
				4D539DEB1C4785A100D95B35 /* Debug */,
				4D539DEC1C4785A100D95B35 /* Release */,
			);
			defaultConfigurationIsVisible = 0;
		};
/* End XCConfigurationList section */
	};
	rootObject = 4D539DCB1C4785A100D95B35 /* Project object */;
}
